// !$*UTF8*$!
{
	archiveVersion = 1;
	classes = {
	};
	objectVersion = 50;
	objects = {

/* Begin PBXBuildFile section */
		A1C67AAC2263673C00BCD9FD /* AppDelegate.m in Sources */ = {isa = PBXBuildFile; fileRef = A1C67AAB2263673C00BCD9FD /* AppDelegate.m */; };
		A1C67AAF2263673C00BCD9FD /* ViewController.m in Sources */ = {isa = PBXBuildFile; fileRef = A1C67AAE2263673C00BCD9FD /* ViewController.m */; };
		A1C67AB22263673C00BCD9FD /* Main.storyboard in Resources */ = {isa = PBXBuildFile; fileRef = A1C67AB02263673C00BCD9FD /* Main.storyboard */; };
		A1C67AB42263673D00BCD9FD /* Assets.xcassets in Resources */ = {isa = PBXBuildFile; fileRef = A1C67AB32263673D00BCD9FD /* Assets.xcassets */; };
		A1C67AB72263673D00BCD9FD /* LaunchScreen.storyboard in Resources */ = {isa = PBXBuildFile; fileRef = A1C67AB52263673D00BCD9FD /* LaunchScreen.storyboard */; };
		A1C67ABA2263673D00BCD9FD /* main.m in Sources */ = {isa = PBXBuildFile; fileRef = A1C67AB92263673D00BCD9FD /* main.m */; };
		A1C67AD52263679700BCD9FD /* WXLHomePublicModel.m in Sources */ = {isa = PBXBuildFile; fileRef = A1C67AC32263679700BCD9FD /* WXLHomePublicModel.m */; };
		A1C67AD62263679700BCD9FD /* WXLHomePublicTableViewCell.m in Sources */ = {isa = PBXBuildFile; fileRef = A1C67AC52263679700BCD9FD /* WXLHomePublicTableViewCell.m */; };
		A1C67AD72263679700BCD9FD /* WXLHomeThreeModel.m in Sources */ = {isa = PBXBuildFile; fileRef = A1C67AC92263679700BCD9FD /* WXLHomeThreeModel.m */; };
		A1C67AD82263679700BCD9FD /* WXLHomeOneModel.m in Sources */ = {isa = PBXBuildFile; fileRef = A1C67ACA2263679700BCD9FD /* WXLHomeOneModel.m */; };
		A1C67ADA2263679700BCD9FD /* WXLHomeTwoModel.m in Sources */ = {isa = PBXBuildFile; fileRef = A1C67ACD2263679700BCD9FD /* WXLHomeTwoModel.m */; };
		A1C67ADB2263679700BCD9FD /* WXLHomeThreeTableViewCell.m in Sources */ = {isa = PBXBuildFile; fileRef = A1C67ACF2263679700BCD9FD /* WXLHomeThreeTableViewCell.m */; };
		A1C67ADC2263679700BCD9FD /* WXLHomeTwoTableViewCell.m in Sources */ = {isa = PBXBuildFile; fileRef = A1C67AD12263679700BCD9FD /* WXLHomeTwoTableViewCell.m */; };
		A1C67ADD2263679700BCD9FD /* WXLHomeOneTableViewCell.m in Sources */ = {isa = PBXBuildFile; fileRef = A1C67AD22263679700BCD9FD /* WXLHomeOneTableViewCell.m */; };
/* End PBXBuildFile section */

/* Begin PBXFileReference section */
		A1C67AA72263673C00BCD9FD /* MoreTypeCellDemo.app */ = {isa = PBXFileReference; explicitFileType = wrapper.application; includeInIndex = 0; path = MoreTypeCellDemo.app; sourceTree = BUILT_PRODUCTS_DIR; };
		A1C67AAA2263673C00BCD9FD /* AppDelegate.h */ = {isa = PBXFileReference; lastKnownFileType = sourcecode.c.h; path = AppDelegate.h; sourceTree = "<group>"; };
		A1C67AAB2263673C00BCD9FD /* AppDelegate.m */ = {isa = PBXFileReference; lastKnownFileType = sourcecode.c.objc; path = AppDelegate.m; sourceTree = "<group>"; };
		A1C67AAD2263673C00BCD9FD /* ViewController.h */ = {isa = PBXFileReference; lastKnownFileType = sourcecode.c.h; path = ViewController.h; sourceTree = "<group>"; };
		A1C67AAE2263673C00BCD9FD /* ViewController.m */ = {isa = PBXFileReference; lastKnownFileType = sourcecode.c.objc; path = ViewController.m; sourceTree = "<group>"; };
		A1C67AB12263673C00BCD9FD /* Base */ = {isa = PBXFileReference; lastKnownFileType = file.storyboard; name = Base; path = Base.lproj/Main.storyboard; sourceTree = "<group>"; };
		A1C67AB32263673D00BCD9FD /* Assets.xcassets */ = {isa = PBXFileReference; lastKnownFileType = folder.assetcatalog; path = Assets.xcassets; sourceTree = "<group>"; };
		A1C67AB62263673D00BCD9FD /* Base */ = {isa = PBXFileReference; lastKnownFileType = file.storyboard; name = Base; path = Base.lproj/LaunchScreen.storyboard; sourceTree = "<group>"; };
		A1C67AB82263673D00BCD9FD /* Info.plist */ = {isa = PBXFileReference; lastKnownFileType = text.plist.xml; path = Info.plist; sourceTree = "<group>"; };
		A1C67AB92263673D00BCD9FD /* main.m */ = {isa = PBXFileReference; lastKnownFileType = sourcecode.c.objc; path = main.m; sourceTree = "<group>"; };
		A1C67AC12263679700BCD9FD /* WXLHomePublicModel.h */ = {isa = PBXFileReference; fileEncoding = 4; lastKnownFileType = sourcecode.c.h; path = WXLHomePublicModel.h; sourceTree = "<group>"; };
		A1C67AC22263679700BCD9FD /* WXLHomePublicTableViewCell.h */ = {isa = PBXFileReference; fileEncoding = 4; lastKnownFileType = sourcecode.c.h; path = WXLHomePublicTableViewCell.h; sourceTree = "<group>"; };
		A1C67AC32263679700BCD9FD /* WXLHomePublicModel.m */ = {isa = PBXFileReference; fileEncoding = 4; lastKnownFileType = sourcecode.c.objc; path = WXLHomePublicModel.m; sourceTree = "<group>"; };
		A1C67AC42263679700BCD9FD /* WXLPublicCellConfigProtocol.h */ = {isa = PBXFileReference; fileEncoding = 4; lastKnownFileType = sourcecode.c.h; path = WXLPublicCellConfigProtocol.h; sourceTree = "<group>"; };
		A1C67AC52263679700BCD9FD /* WXLHomePublicTableViewCell.m */ = {isa = PBXFileReference; fileEncoding = 4; lastKnownFileType = sourcecode.c.objc; path = WXLHomePublicTableViewCell.m; sourceTree = "<group>"; };
		A1C67AC72263679700BCD9FD /* WXLHomeOneModel.h */ = {isa = PBXFileReference; fileEncoding = 4; lastKnownFileType = sourcecode.c.h; path = WXLHomeOneModel.h; sourceTree = "<group>"; };
		A1C67AC82263679700BCD9FD /* WXLHomeTwoModel.h */ = {isa = PBXFileReference; fileEncoding = 4; lastKnownFileType = sourcecode.c.h; path = WXLHomeTwoModel.h; sourceTree = "<group>"; };
		A1C67AC92263679700BCD9FD /* WXLHomeThreeModel.m */ = {isa = PBXFileReference; fileEncoding = 4; lastKnownFileType = sourcecode.c.objc; path = WXLHomeThreeModel.m; sourceTree = "<group>"; };
		A1C67ACA2263679700BCD9FD /* WXLHomeOneModel.m */ = {isa = PBXFileReference; fileEncoding = 4; lastKnownFileType = sourcecode.c.objc; path = WXLHomeOneModel.m; sourceTree = "<group>"; };
		A1C67ACC2263679700BCD9FD /* WXLHomeThreeModel.h */ = {isa = PBXFileReference; fileEncoding = 4; lastKnownFileType = sourcecode.c.h; path = WXLHomeThreeModel.h; sourceTree = "<group>"; };
		A1C67ACD2263679700BCD9FD /* WXLHomeTwoModel.m */ = {isa = PBXFileReference; fileEncoding = 4; lastKnownFileType = sourcecode.c.objc; path = WXLHomeTwoModel.m; sourceTree = "<group>"; };
		A1C67ACF2263679700BCD9FD /* WXLHomeThreeTableViewCell.m */ = {isa = PBXFileReference; fileEncoding = 4; lastKnownFileType = sourcecode.c.objc; path = WXLHomeThreeTableViewCell.m; sourceTree = "<group>"; };
		A1C67AD02263679700BCD9FD /* WXLHomeOneTableViewCell.h */ = {isa = PBXFileReference; fileEncoding = 4; lastKnownFileType = sourcecode.c.h; path = WXLHomeOneTableViewCell.h; sourceTree = "<group>"; };
		A1C67AD12263679700BCD9FD /* WXLHomeTwoTableViewCell.m */ = {isa = PBXFileReference; fileEncoding = 4; lastKnownFileType = sourcecode.c.objc; path = WXLHomeTwoTableViewCell.m; sourceTree = "<group>"; };
		A1C67AD22263679700BCD9FD /* WXLHomeOneTableViewCell.m */ = {isa = PBXFileReference; fileEncoding = 4; lastKnownFileType = sourcecode.c.objc; path = WXLHomeOneTableViewCell.m; sourceTree = "<group>"; };
		A1C67AD32263679700BCD9FD /* WXLHomeThreeTableViewCell.h */ = {isa = PBXFileReference; fileEncoding = 4; lastKnownFileType = sourcecode.c.h; path = WXLHomeThreeTableViewCell.h; sourceTree = "<group>"; };
		A1C67AD42263679700BCD9FD /* WXLHomeTwoTableViewCell.h */ = {isa = PBXFileReference; fileEncoding = 4; lastKnownFileType = sourcecode.c.h; path = WXLHomeTwoTableViewCell.h; sourceTree = "<group>"; };
/* End PBXFileReference section */

/* Begin PBXFrameworksBuildPhase section */
		A1C67AA42263673C00BCD9FD /* Frameworks */ = {
			isa = PBXFrameworksBuildPhase;
			buildActionMask = 2147483647;
			files = (
			);
			runOnlyForDeploymentPostprocessing = 0;
		};
/* End PBXFrameworksBuildPhase section */

/* Begin PBXGroup section */
		A1C67A9E2263673C00BCD9FD = {
			isa = PBXGroup;
			children = (
				A1C67AA92263673C00BCD9FD /* MoreTypeCellDemo */,
				A1C67AA82263673C00BCD9FD /* Products */,
			);
			sourceTree = "<group>";
		};
		A1C67AA82263673C00BCD9FD /* Products */ = {
			isa = PBXGroup;
			children = (
				A1C67AA72263673C00BCD9FD /* MoreTypeCellDemo.app */,
			);
			name = Products;
			sourceTree = "<group>";
		};
		A1C67AA92263673C00BCD9FD /* MoreTypeCellDemo */ = {
			isa = PBXGroup;
			children = (
				A1C67ACE2263679700BCD9FD /* cell */,
				A1C67AC02263679700BCD9FD /* CellConfigProtocol */,
				A1C67AC62263679700BCD9FD /* model */,
				A1C67AAA2263673C00BCD9FD /* AppDelegate.h */,
				A1C67AAB2263673C00BCD9FD /* AppDelegate.m */,
				A1C67AAD2263673C00BCD9FD /* ViewController.h */,
				A1C67AAE2263673C00BCD9FD /* ViewController.m */,
				A1C67AB02263673C00BCD9FD /* Main.storyboard */,
				A1C67AB32263673D00BCD9FD /* Assets.xcassets */,
				A1C67AB52263673D00BCD9FD /* LaunchScreen.storyboard */,
				A1C67AB82263673D00BCD9FD /* Info.plist */,
				A1C67AB92263673D00BCD9FD /* main.m */,
			);
			path = MoreTypeCellDemo;
			sourceTree = "<group>";
		};
		A1C67AC02263679700BCD9FD /* CellConfigProtocol */ = {
			isa = PBXGroup;
			children = (
				A1C67AC12263679700BCD9FD /* WXLHomePublicModel.h */,
				A1C67AC32263679700BCD9FD /* WXLHomePublicModel.m */,
				A1C67AC22263679700BCD9FD /* WXLHomePublicTableViewCell.h */,
				A1C67AC52263679700BCD9FD /* WXLHomePublicTableViewCell.m */,
				A1C67AC42263679700BCD9FD /* WXLPublicCellConfigProtocol.h */,
			);
			path = CellConfigProtocol;
			sourceTree = "<group>";
		};
		A1C67AC62263679700BCD9FD /* model */ = {
			isa = PBXGroup;
			children = (
				A1C67AC72263679700BCD9FD /* WXLHomeOneModel.h */,
				A1C67ACA2263679700BCD9FD /* WXLHomeOneModel.m */,
				A1C67AC82263679700BCD9FD /* WXLHomeTwoModel.h */,
				A1C67ACD2263679700BCD9FD /* WXLHomeTwoModel.m */,
				A1C67ACC2263679700BCD9FD /* WXLHomeThreeModel.h */,
				A1C67AC92263679700BCD9FD /* WXLHomeThreeModel.m */,
			);
			path = model;
			sourceTree = "<group>";
		};
		A1C67ACE2263679700BCD9FD /* cell */ = {
			isa = PBXGroup;
			children = (
				A1C67AD02263679700BCD9FD /* WXLHomeOneTableViewCell.h */,
				A1C67AD22263679700BCD9FD /* WXLHomeOneTableViewCell.m */,
				A1C67AD32263679700BCD9FD /* WXLHomeThreeTableViewCell.h */,
				A1C67ACF2263679700BCD9FD /* WXLHomeThreeTableViewCell.m */,
				A1C67AD42263679700BCD9FD /* WXLHomeTwoTableViewCell.h */,
				A1C67AD12263679700BCD9FD /* WXLHomeTwoTableViewCell.m */,
			);
			path = cell;
			sourceTree = "<group>";
		};
/* End PBXGroup section */

/* Begin PBXNativeTarget section */
		A1C67AA62263673C00BCD9FD /* MoreTypeCellDemo */ = {
			isa = PBXNativeTarget;
			buildConfigurationList = A1C67ABD2263673D00BCD9FD /* Build configuration list for PBXNativeTarget "MoreTypeCellDemo" */;
			buildPhases = (
				A1C67AA32263673C00BCD9FD /* Sources */,
				A1C67AA42263673C00BCD9FD /* Frameworks */,
				A1C67AA52263673C00BCD9FD /* Resources */,
			);
			buildRules = (
			);
			dependencies = (
			);
			name = MoreTypeCellDemo;
			productName = MoreTypeCellDemo;
			productReference = A1C67AA72263673C00BCD9FD /* MoreTypeCellDemo.app */;
			productType = "com.apple.product-type.application";
		};
/* End PBXNativeTarget section */

/* Begin PBXProject section */
		A1C67A9F2263673C00BCD9FD /* Project object */ = {
			isa = PBXProject;
			attributes = {
				LastUpgradeCheck = 1020;
				ORGANIZATIONNAME = wxl;
				TargetAttributes = {
					A1C67AA62263673C00BCD9FD = {
						CreatedOnToolsVersion = 10.2;
					};
				};
			};
			buildConfigurationList = A1C67AA22263673C00BCD9FD /* Build configuration list for PBXProject "MoreTypeCellDemo" */;
			compatibilityVersion = "Xcode 9.3";
			developmentRegion = en;
			hasScannedForEncodings = 0;
			knownRegions = (
				en,
				Base,
			);
			mainGroup = A1C67A9E2263673C00BCD9FD;
			productRefGroup = A1C67AA82263673C00BCD9FD /* Products */;
			projectDirPath = "";
			projectRoot = "";
			targets = (
				A1C67AA62263673C00BCD9FD /* MoreTypeCellDemo */,
			);
		};
/* End PBXProject section */

/* Begin PBXResourcesBuildPhase section */
		A1C67AA52263673C00BCD9FD /* Resources */ = {
			isa = PBXResourcesBuildPhase;
			buildActionMask = 2147483647;
			files = (
				A1C67AB72263673D00BCD9FD /* LaunchScreen.storyboard in Resources */,
				A1C67AB42263673D00BCD9FD /* Assets.xcassets in Resources */,
				A1C67AB22263673C00BCD9FD /* Main.storyboard in Resources */,
			);
			runOnlyForDeploymentPostprocessing = 0;
		};
/* End PBXResourcesBuildPhase section */

/* Begin PBXSourcesBuildPhase section */
		A1C67AA32263673C00BCD9FD /* Sources */ = {
			isa = PBXSourcesBuildPhase;
			buildActionMask = 2147483647;
			files = (
				A1C67AD82263679700BCD9FD /* WXLHomeOneModel.m in Sources */,
				A1C67ADD2263679700BCD9FD /* WXLHomeOneTableViewCell.m in Sources */,
				A1C67ADA2263679700BCD9FD /* WXLHomeTwoModel.m in Sources */,
				A1C67AD62263679700BCD9FD /* WXLHomePublicTableViewCell.m in Sources */,
				A1C67AD72263679700BCD9FD /* WXLHomeThreeModel.m in Sources */,
				A1C67ADB2263679700BCD9FD /* WXLHomeThreeTableViewCell.m in Sources */,
				A1C67AAF2263673C00BCD9FD /* ViewController.m in Sources */,
				A1C67ABA2263673D00BCD9FD /* main.m in Sources */,
				A1C67AAC2263673C00BCD9FD /* AppDelegate.m in Sources */,
				A1C67ADC2263679700BCD9FD /* WXLHomeTwoTableViewCell.m in Sources */,
				A1C67AD52263679700BCD9FD /* WXLHomePublicModel.m in Sources */,
			);
			runOnlyForDeploymentPostprocessing = 0;
		};
/* End PBXSourcesBuildPhase section */

/* Begin PBXVariantGroup section */
		A1C67AB02263673C00BCD9FD /* Main.storyboard */ = {
			isa = PBXVariantGroup;
			children = (
				A1C67AB12263673C00BCD9FD /* Base */,
			);
			name = Main.storyboard;
			sourceTree = "<group>";
		};
		A1C67AB52263673D00BCD9FD /* LaunchScreen.storyboard */ = {
			isa = PBXVariantGroup;
			children = (
				A1C67AB62263673D00BCD9FD /* Base */,
			);
			name = LaunchScreen.storyboard;
			sourceTree = "<group>";
		};
/* End PBXVariantGroup section */

/* Begin XCBuildConfiguration section */
		A1C67ABB2263673D00BCD9FD /* Debug */ = {
			isa = XCBuildConfiguration;
			buildSettings = {
				ALWAYS_SEARCH_USER_PATHS = NO;
				CLANG_ANALYZER_NONNULL = YES;
				CLANG_ANALYZER_NUMBER_OBJECT_CONVERSION = YES_AGGRESSIVE;
				CLANG_CXX_LANGUAGE_STANDARD = "gnu++14";
				CLANG_CXX_LIBRARY = "libc++";
				CLANG_ENABLE_MODULES = YES;
				CLANG_ENABLE_OBJC_ARC = YES;
				CLANG_ENABLE_OBJC_WEAK = YES;
				CLANG_WARN_BLOCK_CAPTURE_AUTORELEASING = YES;
				CLANG_WARN_BOOL_CONVERSION = YES;
				CLANG_WARN_COMMA = YES;
				CLANG_WARN_CONSTANT_CONVERSION = YES;
				CLANG_WARN_DEPRECATED_OBJC_IMPLEMENTATIONS = YES;
				CLANG_WARN_DIRECT_OBJC_ISA_USAGE = YES_ERROR;
				CLANG_WARN_DOCUMENTATION_COMMENTS = YES;
				CLANG_WARN_EMPTY_BODY = YES;
				CLANG_WARN_ENUM_CONVERSION = YES;
				CLANG_WARN_INFINITE_RECURSION = YES;
				CLANG_WARN_INT_CONVERSION = YES;
				CLANG_WARN_NON_LITERAL_NULL_CONVERSION = YES;
				CLANG_WARN_OBJC_IMPLICIT_RETAIN_SELF = YES;
				CLANG_WARN_OBJC_LITERAL_CONVERSION = YES;
				CLANG_WARN_OBJC_ROOT_CLASS = YES_ERROR;
				CLANG_WARN_RANGE_LOOP_ANALYSIS = YES;
				CLANG_WARN_STRICT_PROTOTYPES = YES;
				CLANG_WARN_SUSPICIOUS_MOVE = YES;
				CLANG_WARN_UNGUARDED_AVAILABILITY = YES_AGGRESSIVE;
				CLANG_WARN_UNREACHABLE_CODE = YES;
				CLANG_WARN__DUPLICATE_METHOD_MATCH = YES;
				CODE_SIGN_IDENTITY = "iPhone Developer";
				COPY_PHASE_STRIP = NO;
				DEBUG_INFORMATION_FORMAT = dwarf;
				ENABLE_STRICT_OBJC_MSGSEND = YES;
				ENABLE_TESTABILITY = YES;
				GCC_C_LANGUAGE_STANDARD = gnu11;
				GCC_DYNAMIC_NO_PIC = NO;
				GCC_NO_COMMON_BLOCKS = YES;
				GCC_OPTIMIZATION_LEVEL = 0;
				GCC_PREPROCESSOR_DEFINITIONS = (
					"DEBUG=1",
					"$(inherited)",
				);
				GCC_WARN_64_TO_32_BIT_CONVERSION = YES;
				GCC_WARN_ABOUT_RETURN_TYPE = YES_ERROR;
				GCC_WARN_UNDECLARED_SELECTOR = YES;
				GCC_WARN_UNINITIALIZED_AUTOS = YES_AGGRESSIVE;
				GCC_WARN_UNUSED_FUNCTION = YES;
				GCC_WARN_UNUSED_VARIABLE = YES;
				IPHONEOS_DEPLOYMENT_TARGET = 12.2;
				MTL_ENABLE_DEBUG_INFO = INCLUDE_SOURCE;
				MTL_FAST_MATH = YES;
				ONLY_ACTIVE_ARCH = YES;
				SDKROOT = iphoneos;
			};
			name = Debug;
		};
		A1C67ABC2263673D00BCD9FD /* Release */ = {
			isa = XCBuildConfiguration;
			buildSettings = {
				ALWAYS_SEARCH_USER_PATHS = NO;
				CLANG_ANALYZER_NONNULL = YES;
				CLANG_ANALYZER_NUMBER_OBJECT_CONVERSION = YES_AGGRESSIVE;
				CLANG_CXX_LANGUAGE_STANDARD = "gnu++14";
				CLANG_CXX_LIBRARY = "libc++";
				CLANG_ENABLE_MODULES = YES;
				CLANG_ENABLE_OBJC_ARC = YES;
				CLANG_ENABLE_OBJC_WEAK = YES;
				CLANG_WARN_BLOCK_CAPTURE_AUTORELEASING = YES;
				CLANG_WARN_BOOL_CONVERSION = YES;
				CLANG_WARN_COMMA = YES;
				CLANG_WARN_CONSTANT_CONVERSION = YES;
				CLANG_WARN_DEPRECATED_OBJC_IMPLEMENTATIONS = YES;
				CLANG_WARN_DIRECT_OBJC_ISA_USAGE = YES_ERROR;
				CLANG_WARN_DOCUMENTATION_COMMENTS = YES;
				CLANG_WARN_EMPTY_BODY = YES;
				CLANG_WARN_ENUM_CONVERSION = YES;
				CLANG_WARN_INFINITE_RECURSION = YES;
				CLANG_WARN_INT_CONVERSION = YES;
				CLANG_WARN_NON_LITERAL_NULL_CONVERSION = YES;
				CLANG_WARN_OBJC_IMPLICIT_RETAIN_SELF = YES;
				CLANG_WARN_OBJC_LITERAL_CONVERSION = YES;
				CLANG_WARN_OBJC_ROOT_CLASS = YES_ERROR;
				CLANG_WARN_RANGE_LOOP_ANALYSIS = YES;
				CLANG_WARN_STRICT_PROTOTYPES = YES;
				CLANG_WARN_SUSPICIOUS_MOVE = YES;
				CLANG_WARN_UNGUARDED_AVAILABILITY = YES_AGGRESSIVE;
				CLANG_WARN_UNREACHABLE_CODE = YES;
				CLANG_WARN__DUPLICATE_METHOD_MATCH = YES;
				CODE_SIGN_IDENTITY = "iPhone Developer";
				COPY_PHASE_STRIP = NO;
				DEBUG_INFORMATION_FORMAT = "dwarf-with-dsym";
				ENABLE_NS_ASSERTIONS = NO;
				ENABLE_STRICT_OBJC_MSGSEND = YES;
				GCC_C_LANGUAGE_STANDARD = gnu11;
				GCC_NO_COMMON_BLOCKS = YES;
				GCC_WARN_64_TO_32_BIT_CONVERSION = YES;
				GCC_WARN_ABOUT_RETURN_TYPE = YES_ERROR;
				GCC_WARN_UNDECLARED_SELECTOR = YES;
				GCC_WARN_UNINITIALIZED_AUTOS = YES_AGGRESSIVE;
				GCC_WARN_UNUSED_FUNCTION = YES;
				GCC_WARN_UNUSED_VARIABLE = YES;
				IPHONEOS_DEPLOYMENT_TARGET = 12.2;
				MTL_ENABLE_DEBUG_INFO = NO;
				MTL_FAST_MATH = YES;
				SDKROOT = iphoneos;
				VALIDATE_PRODUCT = YES;
			};
			name = Release;
		};
		A1C67ABE2263673D00BCD9FD /* Debug */ = {
			isa = XCBuildConfiguration;
			buildSettings = {
				ASSETCATALOG_COMPILER_APPICON_NAME = AppIcon;
				CODE_SIGN_STYLE = Automatic;
				DEVELOPMENT_TEAM = YC78659G27;
				INFOPLIST_FILE = MoreTypeCellDemo/Info.plist;
				IPHONEOS_DEPLOYMENT_TARGET = 10.0;
				LD_RUNPATH_SEARCH_PATHS = (
					"$(inherited)",
					"@executable_path/Frameworks",
				);
				PRODUCT_BUNDLE_IDENTIFIER = com.daqsoft.ios.add.MoreTypeCellDemo;
				PRODUCT_NAME = "$(TARGET_NAME)";
				TARGETED_DEVICE_FAMILY = "1,2";
			};
			name = Debug;
		};
		A1C67ABF2263673D00BCD9FD /* Release */ = {
			isa = XCBuildConfiguration;
			buildSettings = {
				ASSETCATALOG_COMPILER_APPICON_NAME = AppIcon;
				CODE_SIGN_STYLE = Automatic;
				DEVELOPMENT_TEAM = YC78659G27;
				INFOPLIST_FILE = MoreTypeCellDemo/Info.plist;
				IPHONEOS_DEPLOYMENT_TARGET = 10.0;
				LD_RUNPATH_SEARCH_PATHS = (
					"$(inherited)",
					"@executable_path/Frameworks",
				);
				PRODUCT_BUNDLE_IDENTIFIER = com.daqsoft.ios.add.MoreTypeCellDemo;
				PRODUCT_NAME = "$(TARGET_NAME)";
				TARGETED_DEVICE_FAMILY = "1,2";
			};
			name = Release;
		};
/* End XCBuildConfiguration section */

/* Begin XCConfigurationList section */
		A1C67AA22263673C00BCD9FD /* Build configuration list for PBXProject "MoreTypeCellDemo" */ = {
			isa = XCConfigurationList;
			buildConfigurations = (
				A1C67ABB2263673D00BCD9FD /* Debug */,
				A1C67ABC2263673D00BCD9FD /* Release */,
			);
			defaultConfigurationIsVisible = 0;
			defaultConfigurationName = Release;
		};
		A1C67ABD2263673D00BCD9FD /* Build configuration list for PBXNativeTarget "MoreTypeCellDemo" */ = {
			isa = XCConfigurationList;
			buildConfigurations = (
				A1C67ABE2263673D00BCD9FD /* Debug */,
				A1C67ABF2263673D00BCD9FD /* Release */,
			);
			defaultConfigurationIsVisible = 0;
			defaultConfigurationName = Release;
		};
/* End XCConfigurationList section */
	};
	rootObject = A1C67A9F2263673C00BCD9FD /* Project object */;
}
